{
    "_readme": [
        "This file locks the dependencies of your project to a known state",
        "Read more about it at https://getcomposer.org/doc/01-basic-usage.md#installing-dependencies",
        "This file is @generated automatically"
    ],
    "content-hash": "e3ab4d8994d87a472e16a3e0f4b97bdd",
    "packages": [
        {
            "name": "cjdevstudios/rst-gen",
            "version": "dev-main",
            "source": {
                "type": "git",
                "url": "https://github.com/CJDevStudios/rst-gen.git",
                "reference": "cfb6119948d3527f8c11200022741f87c82a75a3"
            },
            "dist": {
                "type": "zip",
                "url": "https://api.github.com/repos/CJDevStudios/rst-gen/zipball/cfb6119948d3527f8c11200022741f87c82a75a3",
                "reference": "cfb6119948d3527f8c11200022741f87c82a75a3",
                "shasum": ""
            },
            "require": {
                "php": "~7.4.0 | ~8.0.0"
            },
            "require-dev": {
                "phpunit/phpunit": "~9.5.0"
            },
            "default-branch": true,
            "type": "library",
            "autoload": {
                "psr-4": {
                    "CJDevStudios\\RSTGen\\": "src/"
                }
            },
            "autoload-dev": {
                "psr-4": {
                    "CJDevStudios\\RSTGen\\Tests\\": "tests/"
                }
            },
            "scripts": {
                "test": [
                    "vendor/bin/phpunit tests"
                ]
            },
            "license": [
                "MIT"
            ],
            "authors": [
                {
                    "name": "Curtis Conard",
                    "email": "cconard@cjdevstudios.com"
                }
            ],
            "description": "RST Generator",
            "support": {
                "source": "https://github.com/CJDevStudios/rst-gen/tree/main",
                "issues": "https://github.com/CJDevStudios/rst-gen/issues"
            },
            "time": "2021-12-19T09:35:07+00:00"
        }
    ],
    "packages-dev": [
        {
            "name": "nette/php-generator",
            "version": "v3.6.5",
            "source": {
                "type": "git",
                "url": "https://github.com/nette/php-generator.git",
                "reference": "9370403f9d9c25b51c4596ded1fbfe70347f7c82"
            },
            "dist": {
                "type": "zip",
                "url": "https://api.github.com/repos/nette/php-generator/zipball/9370403f9d9c25b51c4596ded1fbfe70347f7c82",
                "reference": "9370403f9d9c25b51c4596ded1fbfe70347f7c82",
                "shasum": ""
            },
            "require": {
                "nette/utils": "^3.1.2",
                "php": ">=7.2 <8.2"
            },
            "require-dev": {
                "nette/tester": "^2.4",
                "nikic/php-parser": "^4.13",
                "phpstan/phpstan": "^0.12",
                "tracy/tracy": "^2.8"
            },
            "suggest": {
                "nikic/php-parser": "to use ClassType::withBodiesFrom() & GlobalFunction::withBodyFrom()"
            },
            "type": "library",
            "extra": {
                "branch-alias": {
                    "dev-master": "3.6-dev"
                }
            },
            "autoload": {
                "classmap": [
                    "src/"
                ]
            },
            "notification-url": "https://packagist.org/downloads/",
            "license": [
                "BSD-3-Clause",
                "GPL-2.0-only",
                "GPL-3.0-only"
            ],
            "authors": [
                {
                    "name": "David Grudl",
                    "homepage": "https://davidgrudl.com"
                },
                {
                    "name": "Nette Community",
                    "homepage": "https://nette.org/contributors"
                }
            ],
            "description": "🐘 Nette PHP Generator: generates neat PHP code for you. Supports new PHP 8.1 features.",
            "homepage": "https://nette.org",
            "keywords": [
                "code",
                "nette",
                "php",
                "scaffolding"
            ],
            "support": {
                "issues": "https://github.com/nette/php-generator/issues",
                "source": "https://github.com/nette/php-generator/tree/v3.6.5"
            },
            "time": "2021-11-24T16:23:44+00:00"
        },
        {
            "name": "nette/utils",
            "version": "v3.2.6",
            "source": {
                "type": "git",
                "url": "https://github.com/nette/utils.git",
                "reference": "2f261e55bd6a12057442045bf2c249806abc1d02"
            },
            "dist": {
                "type": "zip",
                "url": "https://api.github.com/repos/nette/utils/zipball/2f261e55bd6a12057442045bf2c249806abc1d02",
                "reference": "2f261e55bd6a12057442045bf2c249806abc1d02",
                "shasum": ""
            },
            "require": {
                "php": ">=7.2 <8.2"
            },
            "conflict": {
                "nette/di": "<3.0.6"
            },
            "require-dev": {
                "nette/tester": "~2.0",
                "phpstan/phpstan": "^1.0",
                "tracy/tracy": "^2.3"
            },
            "suggest": {
                "ext-gd": "to use Image",
                "ext-iconv": "to use Strings::webalize(), toAscii(), chr() and reverse()",
                "ext-intl": "to use Strings::webalize(), toAscii(), normalize() and compare()",
                "ext-json": "to use Nette\\Utils\\Json",
                "ext-mbstring": "to use Strings::lower() etc...",
                "ext-tokenizer": "to use Nette\\Utils\\Reflection::getUseStatements()",
                "ext-xml": "to use Strings::length() etc. when mbstring is not available"
            },
            "type": "library",
            "extra": {
                "branch-alias": {
                    "dev-master": "3.2-dev"
                }
            },
            "autoload": {
                "classmap": [
                    "src/"
                ]
            },
            "notification-url": "https://packagist.org/downloads/",
            "license": [
                "BSD-3-Clause",
                "GPL-2.0-only",
                "GPL-3.0-only"
            ],
            "authors": [
                {
                    "name": "David Grudl",
                    "homepage": "https://davidgrudl.com"
                },
                {
                    "name": "Nette Community",
                    "homepage": "https://nette.org/contributors"
                }
            ],
            "description": "🛠  Nette Utils: lightweight utilities for string & array manipulation, image handling, safe JSON encoding/decoding, validation, slug or strong password generating etc.",
            "homepage": "https://nette.org",
            "keywords": [
                "array",
                "core",
                "datetime",
                "images",
                "json",
                "nette",
                "paginator",
                "password",
                "slugify",
                "string",
                "unicode",
                "utf-8",
                "utility",
                "validation"
            ],
            "support": {
                "issues": "https://github.com/nette/utils/issues",
                "source": "https://github.com/nette/utils/tree/v3.2.6"
            },
            "time": "2021-11-24T15:47:23+00:00"
        }
    ],
    "aliases": [],
    "minimum-stability": "stable",
    "stability-flags": {
        "cjdevstudios/rst-gen": 20
    },
    "prefer-stable": false,
    "prefer-lowest": false,
    "platform": [],
    "platform-dev": [],
    "plugin-api-version": "2.1.0"
}
